
Microsoft Visual Studio Solution File, Format Version 12.00
# Visual Studio Version 17
VisualStudioVersion = 17.0.32002.185
MinimumVisualStudioVersion = 10.0.40219.1
Project("{FAE04EC0-301F-11D3-BF4B-00C04F79EFBC}") = "template-csharp-album-collections", "template-csharp-album-collections.csproj", "{485F2AFF-47D5-4F09-8E5E-B75060AD7C82}"
EndProject
Global
	GlobalSection(SolutionConfigurationPlatforms) = preSolution
		Debug|Any CPU = Debug|Any CPU
		Release|Any CPU = Release|Any CPU
	EndGlobalSection
	GlobalSection(ProjectConfigurationPlatforms) = postSolution
		{485F2AFF-47D5-4F09-8E5E-B75060AD7C82}.Debug|Any CPU.ActiveCfg = Debug|Any CPU
		{485F2AFF-47D5-4F09-8E5E-B75060AD7C82}.Debug|Any CPU.Build.0 = Debug|Any CPU
		{485F2AFF-47D5-4F09-8E5E-B75060AD7C82}.Release|Any CPU.ActiveCfg = Release|Any CPU
		{485F2AFF-47D5-4F09-8E5E-B75060AD7C82}.Release|Any CPU.Build.0 = Release|Any CPU
	EndGlobalSection
	GlobalSection(SolutionProperties) = preSolution
		HideSolutionNode = FALSE
	EndGlobalSection
	GlobalSection(ExtensibilityGlobals) = postSolution
		SolutionGuid = {19250777-97BB-43C7-B2AE-92A02C80752D}
	EndGlobalSection
EndGlobal
